
Microsoft Visual Studio Solution File, Format Version 12.00
# Visual Studio Version 17
VisualStudioVersion = 17.9.34728.123
MinimumVisualStudioVersion = 10.0.40219.1
Project("{2150E333-8FDC-42A3-9474-1A3956D46DE8}") = "EventBus", "EventBus", "{49075BE4-ECA3-4B0F-9AD3-484E2AAE96B9}"
EndProject
Project("{9A19103F-16F7-4668-BE54-9A1E7A4F7556}") = "Underdog.Echo.Common", "Underdog.Echo.Common\Underdog.Echo.Common.csproj", "{FD77953F-BB34-4496-94FB-6E7CF0756959}"
EndProject
Project("{9A19103F-16F7-4668-BE54-9A1E7A4F7556}") = "Underdog.Echo.Extensions", "Underdog.Echo.Extensions\Underdog.Echo.Extensions.csproj", "{3C3613CC-4A40-4F89-BB49-5E1AE3D3F8DB}"
EndProject
Project("{9A19103F-16F7-4668-BE54-9A1E7A4F7556}") = "Underdog.Echo.IServices", "Underdog.Echo.IServices\Underdog.Echo.IServices.csproj", "{15A09180-D216-4910-85BA-E65DD5D8F7BF}"
EndProject
Project("{9A19103F-16F7-4668-BE54-9A1E7A4F7556}") = "Underdog.Echo.Model", "Underdog.Echo.Model\Underdog.Echo.Model.csproj", "{206E89A2-2EFD-4751-92E1-AE26DAC332DA}"
EndProject
Project("{9A19103F-16F7-4668-BE54-9A1E7A4F7556}") = "Underdog.Echo.Repository", "Underdog.Echo.Repository\Underdog.Echo.Repository.csproj", "{E2F94729-3B4C-42B9-93AF-1691EA689E30}"
EndProject
Project("{9A19103F-16F7-4668-BE54-9A1E7A4F7556}") = "Underdog.Echo.Serilog", "Underdog.Echo.Serilog\Underdog.Echo.Serilog.csproj", "{2E878F8E-8237-4879-BA31-3C475171B047}"
EndProject
Project("{9A19103F-16F7-4668-BE54-9A1E7A4F7556}") = "Underdog.Echo.Services", "Underdog.Echo.Services\Underdog.Echo.Services.csproj", "{43B636F6-B262-4DD9-9AD5-BC1896621289}"
EndProject
Project("{9A19103F-16F7-4668-BE54-9A1E7A4F7556}") = "Underdog.Echo.Main", "Underdog.Echo.Main\Underdog.Echo.Main.csproj", "{1B2459DA-ECBD-488B-8C8A-BE3FEA137281}"
EndProject
Project("{9A19103F-16F7-4668-BE54-9A1E7A4F7556}") = "Underdog.Echo.EventBus", "Underdog.Echo.EventBus\Underdog.Echo.EventBus.csproj", "{08D38A73-BADD-4508-BEC1-0B4C50074B64}"
EndProject
Project("{2150E333-8FDC-42A3-9474-1A3956D46DE8}") = "SolutionItems", "SolutionItems", "{0C2E34C9-FBEE-4315-BF00-A059BDBCB647}"
	ProjectSection(SolutionItems) = preProject
		CreateYourProject.bat = CreateYourProject.bat
		Directory.Build.props = Directory.Build.props
		Underdog.Echo.Clean.bat = Underdog.Echo.Clean.bat
	EndProjectSection
EndProject
Project("{2150E333-8FDC-42A3-9474-1A3956D46DE8}") = "Tests", "Tests", "{28180B3C-6E3C-4BF2-997B-FFDFA00DADB3}"
EndProject
Project("{9A19103F-16F7-4668-BE54-9A1E7A4F7556}") = "Underdog.Echo.Tasks", "Underdog.Echo.Tasks\Underdog.Echo.Tasks.csproj", "{08C53DEB-C6F3-45E1-BF95-0B21AB8F0A2E}"
EndProject
Global
	GlobalSection(SolutionConfigurationPlatforms) = preSolution
		Debug|Any CPU = Debug|Any CPU
		Release|Any CPU = Release|Any CPU
	EndGlobalSection
	GlobalSection(ProjectConfigurationPlatforms) = postSolution
		{FD77953F-BB34-4496-94FB-6E7CF0756959}.Debug|Any CPU.ActiveCfg = Debug|Any CPU
		{FD77953F-BB34-4496-94FB-6E7CF0756959}.Debug|Any CPU.Build.0 = Debug|Any CPU
		{FD77953F-BB34-4496-94FB-6E7CF0756959}.Release|Any CPU.ActiveCfg = Release|Any CPU
		{FD77953F-BB34-4496-94FB-6E7CF0756959}.Release|Any CPU.Build.0 = Release|Any CPU
		{3C3613CC-4A40-4F89-BB49-5E1AE3D3F8DB}.Debug|Any CPU.ActiveCfg = Debug|Any CPU
		{3C3613CC-4A40-4F89-BB49-5E1AE3D3F8DB}.Debug|Any CPU.Build.0 = Debug|Any CPU
		{3C3613CC-4A40-4F89-BB49-5E1AE3D3F8DB}.Release|Any CPU.ActiveCfg = Release|Any CPU
		{3C3613CC-4A40-4F89-BB49-5E1AE3D3F8DB}.Release|Any CPU.Build.0 = Release|Any CPU
		{15A09180-D216-4910-85BA-E65DD5D8F7BF}.Debug|Any CPU.ActiveCfg = Debug|Any CPU
		{15A09180-D216-4910-85BA-E65DD5D8F7BF}.Debug|Any CPU.Build.0 = Debug|Any CPU
		{15A09180-D216-4910-85BA-E65DD5D8F7BF}.Release|Any CPU.ActiveCfg = Release|Any CPU
		{15A09180-D216-4910-85BA-E65DD5D8F7BF}.Release|Any CPU.Build.0 = Release|Any CPU
		{206E89A2-2EFD-4751-92E1-AE26DAC332DA}.Debug|Any CPU.ActiveCfg = Debug|Any CPU
		{206E89A2-2EFD-4751-92E1-AE26DAC332DA}.Debug|Any CPU.Build.0 = Debug|Any CPU
		{206E89A2-2EFD-4751-92E1-AE26DAC332DA}.Release|Any CPU.ActiveCfg = Release|Any CPU
		{206E89A2-2EFD-4751-92E1-AE26DAC332DA}.Release|Any CPU.Build.0 = Release|Any CPU
		{E2F94729-3B4C-42B9-93AF-1691EA689E30}.Debug|Any CPU.ActiveCfg = Debug|Any CPU
		{E2F94729-3B4C-42B9-93AF-1691EA689E30}.Debug|Any CPU.Build.0 = Debug|Any CPU
		{E2F94729-3B4C-42B9-93AF-1691EA689E30}.Release|Any CPU.ActiveCfg = Release|Any CPU
		{E2F94729-3B4C-42B9-93AF-1691EA689E30}.Release|Any CPU.Build.0 = Release|Any CPU
		{2E878F8E-8237-4879-BA31-3C475171B047}.Debug|Any CPU.ActiveCfg = Debug|Any CPU
		{2E878F8E-8237-4879-BA31-3C475171B047}.Debug|Any CPU.Build.0 = Debug|Any CPU
		{2E878F8E-8237-4879-BA31-3C475171B047}.Release|Any CPU.ActiveCfg = Release|Any CPU
		{2E878F8E-8237-4879-BA31-3C475171B047}.Release|Any CPU.Build.0 = Release|Any CPU
		{43B636F6-B262-4DD9-9AD5-BC1896621289}.Debug|Any CPU.ActiveCfg = Debug|Any CPU
		{43B636F6-B262-4DD9-9AD5-BC1896621289}.Debug|Any CPU.Build.0 = Debug|Any CPU
		{43B636F6-B262-4DD9-9AD5-BC1896621289}.Release|Any CPU.ActiveCfg = Release|Any CPU
		{43B636F6-B262-4DD9-9AD5-BC1896621289}.Release|Any CPU.Build.0 = Release|Any CPU
		{1B2459DA-ECBD-488B-8C8A-BE3FEA137281}.Debug|Any CPU.ActiveCfg = Debug|Any CPU
		{1B2459DA-ECBD-488B-8C8A-BE3FEA137281}.Debug|Any CPU.Build.0 = Debug|Any CPU
		{1B2459DA-ECBD-488B-8C8A-BE3FEA137281}.Release|Any CPU.ActiveCfg = Release|Any CPU
		{1B2459DA-ECBD-488B-8C8A-BE3FEA137281}.Release|Any CPU.Build.0 = Release|Any CPU
		{08D38A73-BADD-4508-BEC1-0B4C50074B64}.Debug|Any CPU.ActiveCfg = Debug|Any CPU
		{08D38A73-BADD-4508-BEC1-0B4C50074B64}.Debug|Any CPU.Build.0 = Debug|Any CPU
		{08D38A73-BADD-4508-BEC1-0B4C50074B64}.Release|Any CPU.ActiveCfg = Release|Any CPU
		{08D38A73-BADD-4508-BEC1-0B4C50074B64}.Release|Any CPU.Build.0 = Release|Any CPU
		{08C53DEB-C6F3-45E1-BF95-0B21AB8F0A2E}.Debug|Any CPU.ActiveCfg = Debug|Any CPU
		{08C53DEB-C6F3-45E1-BF95-0B21AB8F0A2E}.Debug|Any CPU.Build.0 = Debug|Any CPU
		{08C53DEB-C6F3-45E1-BF95-0B21AB8F0A2E}.Release|Any CPU.ActiveCfg = Release|Any CPU
		{08C53DEB-C6F3-45E1-BF95-0B21AB8F0A2E}.Release|Any CPU.Build.0 = Release|Any CPU
	EndGlobalSection
	GlobalSection(SolutionProperties) = preSolution
		HideSolutionNode = FALSE
	EndGlobalSection
	GlobalSection(NestedProjects) = preSolution
		{08D38A73-BADD-4508-BEC1-0B4C50074B64} = {49075BE4-ECA3-4B0F-9AD3-484E2AAE96B9}
	EndGlobalSection
	GlobalSection(ExtensibilityGlobals) = postSolution
		SolutionGuid = {2D42AD92-F0F3-433B-8641-E9A6181C4C7E}
	EndGlobalSection
EndGlobal
